
Microsoft Visual Studio Solution File, Format Version 12.00
# Visual Studio Version 17
VisualStudioVersion = 17.4.33110.190
MinimumVisualStudioVersion = 10.0.40219.1
Project("{FAE04EC0-301F-11D3-BF4B-00C04F79EFBC}") = "Site.Api", "Site.Api\Site.Api.csproj", "{1062477A-F59E-4B3C-BDAF-E5733889FED4}"
EndProject
Project("{FAE04EC0-301F-11D3-BF4B-00C04F79EFBC}") = "DB", "DB\DB.csproj", "{0E40E0A9-7698-4A26-8FFF-5EE77623CDC2}"
EndProject
Global
	GlobalSection(SolutionConfigurationPlatforms) = preSolution
		Debug|Any CPU = Debug|Any CPU
		Release|Any CPU = Release|Any CPU
	EndGlobalSection
	GlobalSection(ProjectConfigurationPlatforms) = postSolution
		{1062477A-F59E-4B3C-BDAF-E5733889FED4}.Debug|Any CPU.ActiveCfg = Debug|Any CPU
		{1062477A-F59E-4B3C-BDAF-E5733889FED4}.Debug|Any CPU.Build.0 = Debug|Any CPU
		{1062477A-F59E-4B3C-BDAF-E5733889FED4}.Release|Any CPU.ActiveCfg = Release|Any CPU
		{1062477A-F59E-4B3C-BDAF-E5733889FED4}.Release|Any CPU.Build.0 = Release|Any CPU
		{0E40E0A9-7698-4A26-8FFF-5EE77623CDC2}.Debug|Any CPU.ActiveCfg = Debug|Any CPU
		{0E40E0A9-7698-4A26-8FFF-5EE77623CDC2}.Debug|Any CPU.Build.0 = Debug|Any CPU
		{0E40E0A9-7698-4A26-8FFF-5EE77623CDC2}.Release|Any CPU.ActiveCfg = Release|Any CPU
		{0E40E0A9-7698-4A26-8FFF-5EE77623CDC2}.Release|Any CPU.Build.0 = Release|Any CPU
	EndGlobalSection
	GlobalSection(SolutionProperties) = preSolution
		HideSolutionNode = FALSE
	EndGlobalSection
	GlobalSection(ExtensibilityGlobals) = postSolution
		SolutionGuid = {0FF36D7D-5832-46AC-89D6-1A76A053340F}
	EndGlobalSection
EndGlobal
